// !$*UTF8*$!
{
	archiveVersion = 1;
	classes = {
	};
	objectVersion = 56;
	objects = {

/* Begin PBXBuildFile section */
		AE7DF2112AA3170B00FEC4E0 /* lioness.mp4 in Resources */ = {isa = PBXBuildFile; fileRef = AE7DF2072AA3170900FEC4E0 /* lioness.mp4 */; };
		AE7DF2122AA3170B00FEC4E0 /* lion.mp4 in Resources */ = {isa = PBXBuildFile; fileRef = AE7DF2082AA3170900FEC4E0 /* lion.mp4 */; };
		AE7DF2132AA3170B00FEC4E0 /* cheetah.mp4 in Resources */ = {isa = PBXBuildFile; fileRef = AE7DF2092AA3170900FEC4E0 /* cheetah.mp4 */; };
		AE7DF2142AA3170B00FEC4E0 /* elephant.mp4 in Resources */ = {isa = PBXBuildFile; fileRef = AE7DF20A2AA3170A00FEC4E0 /* elephant.mp4 */; };
		AE7DF2152AA3170B00FEC4E0 /* gorilla.mp4 in Resources */ = {isa = PBXBuildFile; fileRef = AE7DF20B2AA3170A00FEC4E0 /* gorilla.mp4 */; };
		AE7DF2162AA3170B00FEC4E0 /* rhino.mp4 in Resources */ = {isa = PBXBuildFile; fileRef = AE7DF20C2AA3170A00FEC4E0 /* rhino.mp4 */; };
		AE7DF2172AA3170B00FEC4E0 /* giraffe.mp4 in Resources */ = {isa = PBXBuildFile; fileRef = AE7DF20D2AA3170A00FEC4E0 /* giraffe.mp4 */; };
		AE7DF2182AA3170B00FEC4E0 /* ostrich.mp4 in Resources */ = {isa = PBXBuildFile; fileRef = AE7DF20E2AA3170A00FEC4E0 /* ostrich.mp4 */; };
		AE7DF2192AA3170B00FEC4E0 /* hippo.mp4 in Resources */ = {isa = PBXBuildFile; fileRef = AE7DF20F2AA3170B00FEC4E0 /* hippo.mp4 */; };
		AE7DF21A2AA3170B00FEC4E0 /* zebra.mp4 in Resources */ = {isa = PBXBuildFile; fileRef = AE7DF2102AA3170B00FEC4E0 /* zebra.mp4 */; };
		AE7DF2212AA33CE600FEC4E0 /* locations.json in Resources */ = {isa = PBXBuildFile; fileRef = AE7DF21D2AA33CE600FEC4E0 /* locations.json */; };
		AE7DF2222AA33CE600FEC4E0 /* covers.json in Resources */ = {isa = PBXBuildFile; fileRef = AE7DF21E2AA33CE600FEC4E0 /* covers.json */; };
		AE7DF2232AA33CE600FEC4E0 /* videos.json in Resources */ = {isa = PBXBuildFile; fileRef = AE7DF21F2AA33CE600FEC4E0 /* videos.json */; };
		AE7DF2242AA33CE600FEC4E0 /* animals.json in Resources */ = {isa = PBXBuildFile; fileRef = AE7DF2202AA33CE600FEC4E0 /* animals.json */; };
		AE7DF2282AA3405200FEC4E0 /* MainView.swift in Sources */ = {isa = PBXBuildFile; fileRef = AE7DF2272AA3405200FEC4E0 /* MainView.swift */; };
		AE7DF22F2AA3412A00FEC4E0 /* VideoListView.swift in Sources */ = {isa = PBXBuildFile; fileRef = AE7DF22E2AA3412A00FEC4E0 /* VideoListView.swift */; };
		AE7DF2312AA3414C00FEC4E0 /* GalleryView.swift in Sources */ = {isa = PBXBuildFile; fileRef = AE7DF2302AA3414C00FEC4E0 /* GalleryView.swift */; };
		AE7DF2332AA3418400FEC4E0 /* MapView.swift in Sources */ = {isa = PBXBuildFile; fileRef = AE7DF2322AA3418400FEC4E0 /* MapView.swift */; };
		AEA9B53F2AA3AF74003086F5 /* CoverImageView.swift in Sources */ = {isa = PBXBuildFile; fileRef = AEA9B53E2AA3AF74003086F5 /* CoverImageView.swift */; };
		AEDC0AD12AA491DE00F7ED25 /* AnimalDetailView.swift in Sources */ = {isa = PBXBuildFile; fileRef = AEDC0AD02AA491DE00F7ED25 /* AnimalDetailView.swift */; };
		AEDC0AD42AA49B5F00F7ED25 /* HeadingView.swift in Sources */ = {isa = PBXBuildFile; fileRef = AEDC0AD32AA49B5F00F7ED25 /* HeadingView.swift */; };
		AEDC0AD82AA4A18500F7ED25 /* InsetGalleryView.swift in Sources */ = {isa = PBXBuildFile; fileRef = AEDC0AD72AA4A18500F7ED25 /* InsetGalleryView.swift */; };
		AEE01D4E2AA30ABA0030DB07 /* AfricaApp.swift in Sources */ = {isa = PBXBuildFile; fileRef = AEE01D4D2AA30ABA0030DB07 /* AfricaApp.swift */; };
		AEE01D502AA30ABA0030DB07 /* ContentView.swift in Sources */ = {isa = PBXBuildFile; fileRef = AEE01D4F2AA30ABA0030DB07 /* ContentView.swift */; };
		AEE01D522AA30ABB0030DB07 /* Assets.xcassets in Resources */ = {isa = PBXBuildFile; fileRef = AEE01D512AA30ABB0030DB07 /* Assets.xcassets */; };
		AEE01D552AA30ABB0030DB07 /* Preview Assets.xcassets in Resources */ = {isa = PBXBuildFile; fileRef = AEE01D542AA30ABB0030DB07 /* Preview Assets.xcassets */; };
		AEFBDDA02AA4229E007BC261 /* CoverImageModel.swift in Sources */ = {isa = PBXBuildFile; fileRef = AEFBDD9F2AA4229E007BC261 /* CoverImageModel.swift */; };
		AEFBDDA32AA42455007BC261 /* Bundle+Extension.swift in Sources */ = {isa = PBXBuildFile; fileRef = AEFBDDA22AA42455007BC261 /* Bundle+Extension.swift */; };
		AEFBDDA52AA42DD7007BC261 /* AnimalListItemView.swift in Sources */ = {isa = PBXBuildFile; fileRef = AEFBDDA42AA42DD7007BC261 /* AnimalListItemView.swift */; };
		AEFBDDA72AA439A6007BC261 /* AnimalModel.swift in Sources */ = {isa = PBXBuildFile; fileRef = AEFBDDA62AA439A6007BC261 /* AnimalModel.swift */; };
/* End PBXBuildFile section */

/* Begin PBXFileReference section */
		AE3DC5E82AA3136100FFCD7F /* README.md */ = {isa = PBXFileReference; lastKnownFileType = net.daringfireball.markdown; path = README.md; sourceTree = "<group>"; };
		AE7DF2072AA3170900FEC4E0 /* lioness.mp4 */ = {isa = PBXFileReference; lastKnownFileType = file; path = lioness.mp4; sourceTree = "<group>"; };
		AE7DF2082AA3170900FEC4E0 /* lion.mp4 */ = {isa = PBXFileReference; lastKnownFileType = file; path = lion.mp4; sourceTree = "<group>"; };
		AE7DF2092AA3170900FEC4E0 /* cheetah.mp4 */ = {isa = PBXFileReference; lastKnownFileType = file; path = cheetah.mp4; sourceTree = "<group>"; };
		AE7DF20A2AA3170A00FEC4E0 /* elephant.mp4 */ = {isa = PBXFileReference; lastKnownFileType = file; path = elephant.mp4; sourceTree = "<group>"; };
		AE7DF20B2AA3170A00FEC4E0 /* gorilla.mp4 */ = {isa = PBXFileReference; lastKnownFileType = file; path = gorilla.mp4; sourceTree = "<group>"; };
		AE7DF20C2AA3170A00FEC4E0 /* rhino.mp4 */ = {isa = PBXFileReference; lastKnownFileType = file; path = rhino.mp4; sourceTree = "<group>"; };
		AE7DF20D2AA3170A00FEC4E0 /* giraffe.mp4 */ = {isa = PBXFileReference; lastKnownFileType = file; path = giraffe.mp4; sourceTree = "<group>"; };
		AE7DF20E2AA3170A00FEC4E0 /* ostrich.mp4 */ = {isa = PBXFileReference; lastKnownFileType = file; path = ostrich.mp4; sourceTree = "<group>"; };
		AE7DF20F2AA3170B00FEC4E0 /* hippo.mp4 */ = {isa = PBXFileReference; lastKnownFileType = file; path = hippo.mp4; sourceTree = "<group>"; };
		AE7DF2102AA3170B00FEC4E0 /* zebra.mp4 */ = {isa = PBXFileReference; lastKnownFileType = file; path = zebra.mp4; sourceTree = "<group>"; };
		AE7DF21D2AA33CE600FEC4E0 /* locations.json */ = {isa = PBXFileReference; fileEncoding = 4; lastKnownFileType = text.json; path = locations.json; sourceTree = "<group>"; };
		AE7DF21E2AA33CE600FEC4E0 /* covers.json */ = {isa = PBXFileReference; fileEncoding = 4; lastKnownFileType = text.json; path = covers.json; sourceTree = "<group>"; };
		AE7DF21F2AA33CE600FEC4E0 /* videos.json */ = {isa = PBXFileReference; fileEncoding = 4; lastKnownFileType = text.json; path = videos.json; sourceTree = "<group>"; };
		AE7DF2202AA33CE600FEC4E0 /* animals.json */ = {isa = PBXFileReference; fileEncoding = 4; lastKnownFileType = text.json; path = animals.json; sourceTree = "<group>"; };
		AE7DF2252AA33E6800FEC4E0 /* Info.plist */ = {isa = PBXFileReference; lastKnownFileType = text.plist; path = Info.plist; sourceTree = "<group>"; };
		AE7DF2272AA3405200FEC4E0 /* MainView.swift */ = {isa = PBXFileReference; lastKnownFileType = sourcecode.swift; path = MainView.swift; sourceTree = "<group>"; };
		AE7DF22E2AA3412A00FEC4E0 /* VideoListView.swift */ = {isa = PBXFileReference; lastKnownFileType = sourcecode.swift; path = VideoListView.swift; sourceTree = "<group>"; };
		AE7DF2302AA3414C00FEC4E0 /* GalleryView.swift */ = {isa = PBXFileReference; lastKnownFileType = sourcecode.swift; path = GalleryView.swift; sourceTree = "<group>"; };
		AE7DF2322AA3418400FEC4E0 /* MapView.swift */ = {isa = PBXFileReference; lastKnownFileType = sourcecode.swift; path = MapView.swift; sourceTree = "<group>"; };
		AEA9B53E2AA3AF74003086F5 /* CoverImageView.swift */ = {isa = PBXFileReference; lastKnownFileType = sourcecode.swift; path = CoverImageView.swift; sourceTree = "<group>"; };
		AEDC0AD02AA491DE00F7ED25 /* AnimalDetailView.swift */ = {isa = PBXFileReference; lastKnownFileType = sourcecode.swift; path = AnimalDetailView.swift; sourceTree = "<group>"; };
		AEDC0AD32AA49B5F00F7ED25 /* HeadingView.swift */ = {isa = PBXFileReference; lastKnownFileType = sourcecode.swift; path = HeadingView.swift; sourceTree = "<group>"; };
		AEDC0AD72AA4A18500F7ED25 /* InsetGalleryView.swift */ = {isa = PBXFileReference; lastKnownFileType = sourcecode.swift; path = InsetGalleryView.swift; sourceTree = "<group>"; };
		AEE01D4A2AA30ABA0030DB07 /* Africa.app */ = {isa = PBXFileReference; explicitFileType = wrapper.application; includeInIndex = 0; path = Africa.app; sourceTree = BUILT_PRODUCTS_DIR; };
		AEE01D4D2AA30ABA0030DB07 /* AfricaApp.swift */ = {isa = PBXFileReference; lastKnownFileType = sourcecode.swift; path = AfricaApp.swift; sourceTree = "<group>"; };
		AEE01D4F2AA30ABA0030DB07 /* ContentView.swift */ = {isa = PBXFileReference; lastKnownFileType = sourcecode.swift; path = ContentView.swift; sourceTree = "<group>"; };
		AEE01D512AA30ABB0030DB07 /* Assets.xcassets */ = {isa = PBXFileReference; lastKnownFileType = folder.assetcatalog; path = Assets.xcassets; sourceTree = "<group>"; };
		AEE01D542AA30ABB0030DB07 /* Preview Assets.xcassets */ = {isa = PBXFileReference; lastKnownFileType = folder.assetcatalog; path = "Preview Assets.xcassets"; sourceTree = "<group>"; };
		AEFBDD9F2AA4229E007BC261 /* CoverImageModel.swift */ = {isa = PBXFileReference; lastKnownFileType = sourcecode.swift; path = CoverImageModel.swift; sourceTree = "<group>"; };
		AEFBDDA22AA42455007BC261 /* Bundle+Extension.swift */ = {isa = PBXFileReference; lastKnownFileType = sourcecode.swift; path = "Bundle+Extension.swift"; sourceTree = "<group>"; };
		AEFBDDA42AA42DD7007BC261 /* AnimalListItemView.swift */ = {isa = PBXFileReference; lastKnownFileType = sourcecode.swift; path = AnimalListItemView.swift; sourceTree = "<group>"; };
		AEFBDDA62AA439A6007BC261 /* AnimalModel.swift */ = {isa = PBXFileReference; lastKnownFileType = sourcecode.swift; path = AnimalModel.swift; sourceTree = "<group>"; };
/* End PBXFileReference section */

/* Begin PBXFrameworksBuildPhase section */
		AEE01D472AA30AB90030DB07 /* Frameworks */ = {
			isa = PBXFrameworksBuildPhase;
			buildActionMask = 2147483647;
			files = (
			);
			runOnlyForDeploymentPostprocessing = 0;
		};
/* End PBXFrameworksBuildPhase section */

/* Begin PBXGroup section */
		AE7DF2062AA316EC00FEC4E0 /* Video */ = {
			isa = PBXGroup;
			children = (
				AE7DF2092AA3170900FEC4E0 /* cheetah.mp4 */,
				AE7DF20A2AA3170A00FEC4E0 /* elephant.mp4 */,
				AE7DF20D2AA3170A00FEC4E0 /* giraffe.mp4 */,
				AE7DF20B2AA3170A00FEC4E0 /* gorilla.mp4 */,
				AE7DF20F2AA3170B00FEC4E0 /* hippo.mp4 */,
				AE7DF2082AA3170900FEC4E0 /* lion.mp4 */,
				AE7DF2072AA3170900FEC4E0 /* lioness.mp4 */,
				AE7DF20E2AA3170A00FEC4E0 /* ostrich.mp4 */,
				AE7DF20C2AA3170A00FEC4E0 /* rhino.mp4 */,
				AE7DF2102AA3170B00FEC4E0 /* zebra.mp4 */,
			);
			path = Video;
			sourceTree = "<group>";
		};
		AE7DF21B2AA33C9200FEC4E0 /* Supporting Files */ = {
			isa = PBXGroup;
			children = (
				AEE01D512AA30ABB0030DB07 /* Assets.xcassets */,
				AE7DF2252AA33E6800FEC4E0 /* Info.plist */,
				AEE01D532AA30ABB0030DB07 /* Preview Content */,
			);
			name = "Supporting Files";
			sourceTree = "<group>";
		};
		AE7DF21C2AA33CD500FEC4E0 /* Data */ = {
			isa = PBXGroup;
			children = (
				AE7DF2202AA33CE600FEC4E0 /* animals.json */,
				AE7DF21E2AA33CE600FEC4E0 /* covers.json */,
				AE7DF21D2AA33CE600FEC4E0 /* locations.json */,
				AE7DF21F2AA33CE600FEC4E0 /* videos.json */,
			);
			path = Data;
			sourceTree = "<group>";
		};
		AE7DF2262AA33F7600FEC4E0 /* App */ = {
			isa = PBXGroup;
			children = (
				AEE01D4D2AA30ABA0030DB07 /* AfricaApp.swift */,
				AE7DF2272AA3405200FEC4E0 /* MainView.swift */,
			);
			path = App;
			sourceTree = "<group>";
		};
		AE7DF2292AA340CF00FEC4E0 /* Features */ = {
			isa = PBXGroup;
			children = (
				AE7DF22D2AA3411600FEC4E0 /* Gallery */,
				AE7DF22C2AA3411100FEC4E0 /* Map */,
				AE7DF22B2AA3410500FEC4E0 /* VideoList */,
				AE7DF22A2AA340DD00FEC4E0 /* Browse */,
			);
			path = Features;
			sourceTree = "<group>";
		};
		AE7DF22A2AA340DD00FEC4E0 /* Browse */ = {
			isa = PBXGroup;
			children = (
				AEE01D4F2AA30ABA0030DB07 /* ContentView.swift */,
				AEDC0AD22AA4961900F7ED25 /* Veiws */,
			);
			path = Browse;
			sourceTree = "<group>";
		};
		AE7DF22B2AA3410500FEC4E0 /* VideoList */ = {
			isa = PBXGroup;
			children = (
				AE7DF22E2AA3412A00FEC4E0 /* VideoListView.swift */,
			);
			path = VideoList;
			sourceTree = "<group>";
		};
		AE7DF22C2AA3411100FEC4E0 /* Map */ = {
			isa = PBXGroup;
			children = (
				AE7DF2322AA3418400FEC4E0 /* MapView.swift */,
			);
			path = Map;
			sourceTree = "<group>";
		};
		AE7DF22D2AA3411600FEC4E0 /* Gallery */ = {
			isa = PBXGroup;
			children = (
				AE7DF2302AA3414C00FEC4E0 /* GalleryView.swift */,
			);
			path = Gallery;
			sourceTree = "<group>";
		};
		AEDC0AD22AA4961900F7ED25 /* Veiws */ = {
			isa = PBXGroup;
			children = (
				AEA9B53E2AA3AF74003086F5 /* CoverImageView.swift */,
				AEFBDDA42AA42DD7007BC261 /* AnimalListItemView.swift */,
				AEDC0AD02AA491DE00F7ED25 /* AnimalDetailView.swift */,
				AEDC0AD32AA49B5F00F7ED25 /* HeadingView.swift */,
				AEDC0AD72AA4A18500F7ED25 /* InsetGalleryView.swift */,
			);
			path = Veiws;
			sourceTree = "<group>";
		};
		AEE01D412AA30AB90030DB07 = {
			isa = PBXGroup;
			children = (
				AE3DC5E82AA3136100FFCD7F /* README.md */,
				AEE01D4C2AA30ABA0030DB07 /* Africa */,
				AEE01D4B2AA30ABA0030DB07 /* Products */,
			);
			sourceTree = "<group>";
		};
		AEE01D4B2AA30ABA0030DB07 /* Products */ = {
			isa = PBXGroup;
			children = (
				AEE01D4A2AA30ABA0030DB07 /* Africa.app */,
			);
			name = Products;
			sourceTree = "<group>";
		};
		AEE01D4C2AA30ABA0030DB07 /* Africa */ = {
			isa = PBXGroup;
			children = (
				AEFBDDA12AA42439007BC261 /* Extensions */,
				AEFBDD9E2AA42289007BC261 /* Model */,
				AE7DF2292AA340CF00FEC4E0 /* Features */,
				AE7DF2262AA33F7600FEC4E0 /* App */,
				AE7DF21C2AA33CD500FEC4E0 /* Data */,
				AE7DF2062AA316EC00FEC4E0 /* Video */,
				AE7DF21B2AA33C9200FEC4E0 /* Supporting Files */,
			);
			path = Africa;
			sourceTree = "<group>";
		};
		AEE01D532AA30ABB0030DB07 /* Preview Content */ = {
			isa = PBXGroup;
			children = (
				AEE01D542AA30ABB0030DB07 /* Preview Assets.xcassets */,
			);
			path = "Preview Content";
			sourceTree = "<group>";
		};
		AEFBDD9E2AA42289007BC261 /* Model */ = {
			isa = PBXGroup;
			children = (
				AEFBDD9F2AA4229E007BC261 /* CoverImageModel.swift */,
				AEFBDDA62AA439A6007BC261 /* AnimalModel.swift */,
			);
			path = Model;
			sourceTree = "<group>";
		};
		AEFBDDA12AA42439007BC261 /* Extensions */ = {
			isa = PBXGroup;
			children = (
				AEFBDDA22AA42455007BC261 /* Bundle+Extension.swift */,
			);
			path = Extensions;
			sourceTree = "<group>";
		};
/* End PBXGroup section */

/* Begin PBXNativeTarget section */
		AEE01D492AA30AB90030DB07 /* Africa */ = {
			isa = PBXNativeTarget;
			buildConfigurationList = AEE01D582AA30ABB0030DB07 /* Build configuration list for PBXNativeTarget "Africa" */;
			buildPhases = (
				AEE01D462AA30AB90030DB07 /* Sources */,
				AEE01D472AA30AB90030DB07 /* Frameworks */,
				AEE01D482AA30AB90030DB07 /* Resources */,
			);
			buildRules = (
			);
			dependencies = (
			);
			name = Africa;
			productName = Africa;
			productReference = AEE01D4A2AA30ABA0030DB07 /* Africa.app */;
			productType = "com.apple.product-type.application";
		};
/* End PBXNativeTarget section */

/* Begin PBXProject section */
		AEE01D422AA30AB90030DB07 /* Project object */ = {
			isa = PBXProject;
			attributes = {
				BuildIndependentTargetsInParallel = 1;
				LastSwiftUpdateCheck = 1500;
				LastUpgradeCheck = 1500;
				TargetAttributes = {
					AEE01D492AA30AB90030DB07 = {
						CreatedOnToolsVersion = 15.0;
					};
				};
			};
			buildConfigurationList = AEE01D452AA30AB90030DB07 /* Build configuration list for PBXProject "Africa" */;
			compatibilityVersion = "Xcode 14.0";
			developmentRegion = en;
			hasScannedForEncodings = 0;
			knownRegions = (
				en,
				Base,
			);
			mainGroup = AEE01D412AA30AB90030DB07;
			productRefGroup = AEE01D4B2AA30ABA0030DB07 /* Products */;
			projectDirPath = "";
			projectRoot = "";
			targets = (
				AEE01D492AA30AB90030DB07 /* Africa */,
			);
		};
/* End PBXProject section */

/* Begin PBXResourcesBuildPhase section */
		AEE01D482AA30AB90030DB07 /* Resources */ = {
			isa = PBXResourcesBuildPhase;
			buildActionMask = 2147483647;
			files = (
				AE7DF2212AA33CE600FEC4E0 /* locations.json in Resources */,
				AE7DF2162AA3170B00FEC4E0 /* rhino.mp4 in Resources */,
				AE7DF2232AA33CE600FEC4E0 /* videos.json in Resources */,
				AE7DF2192AA3170B00FEC4E0 /* hippo.mp4 in Resources */,
				AEE01D552AA30ABB0030DB07 /* Preview Assets.xcassets in Resources */,
				AE7DF2132AA3170B00FEC4E0 /* cheetah.mp4 in Resources */,
				AE7DF21A2AA3170B00FEC4E0 /* zebra.mp4 in Resources */,
				AE7DF2142AA3170B00FEC4E0 /* elephant.mp4 in Resources */,
				AE7DF2222AA33CE600FEC4E0 /* covers.json in Resources */,
				AE7DF2242AA33CE600FEC4E0 /* animals.json in Resources */,
				AE7DF2152AA3170B00FEC4E0 /* gorilla.mp4 in Resources */,
				AE7DF2122AA3170B00FEC4E0 /* lion.mp4 in Resources */,
				AEE01D522AA30ABB0030DB07 /* Assets.xcassets in Resources */,
				AE7DF2112AA3170B00FEC4E0 /* lioness.mp4 in Resources */,
				AE7DF2182AA3170B00FEC4E0 /* ostrich.mp4 in Resources */,
				AE7DF2172AA3170B00FEC4E0 /* giraffe.mp4 in Resources */,
			);
			runOnlyForDeploymentPostprocessing = 0;
		};
/* End PBXResourcesBuildPhase section */

/* Begin PBXSourcesBuildPhase section */
		AEE01D462AA30AB90030DB07 /* Sources */ = {
			isa = PBXSourcesBuildPhase;
			buildActionMask = 2147483647;
			files = (
				AE7DF22F2AA3412A00FEC4E0 /* VideoListView.swift in Sources */,
				AEFBDDA52AA42DD7007BC261 /* AnimalListItemView.swift in Sources */,
				AEDC0AD82AA4A18500F7ED25 /* InsetGalleryView.swift in Sources */,
				AEFBDDA32AA42455007BC261 /* Bundle+Extension.swift in Sources */,
				AE7DF2332AA3418400FEC4E0 /* MapView.swift in Sources */,
				AEA9B53F2AA3AF74003086F5 /* CoverImageView.swift in Sources */,
				AEDC0AD12AA491DE00F7ED25 /* AnimalDetailView.swift in Sources */,
				AEFBDDA72AA439A6007BC261 /* AnimalModel.swift in Sources */,
				AEFBDDA02AA4229E007BC261 /* CoverImageModel.swift in Sources */,
				AEE01D502AA30ABA0030DB07 /* ContentView.swift in Sources */,
				AE7DF2282AA3405200FEC4E0 /* MainView.swift in Sources */,
				AEE01D4E2AA30ABA0030DB07 /* AfricaApp.swift in Sources */,
				AE7DF2312AA3414C00FEC4E0 /* GalleryView.swift in Sources */,
				AEDC0AD42AA49B5F00F7ED25 /* HeadingView.swift in Sources */,
			);
			runOnlyForDeploymentPostprocessing = 0;
		};
/* End PBXSourcesBuildPhase section */

/* Begin XCBuildConfiguration section */
		AEE01D562AA30ABB0030DB07 /* Debug */ = {
			isa = XCBuildConfiguration;
			buildSettings = {
				ALWAYS_SEARCH_USER_PATHS = NO;
				ASSETCATALOG_COMPILER_GENERATE_SWIFT_ASSET_SYMBOL_EXTENSIONS = YES;
				CLANG_ANALYZER_NONNULL = YES;
				CLANG_ANALYZER_NUMBER_OBJECT_CONVERSION = YES_AGGRESSIVE;
				CLANG_CXX_LANGUAGE_STANDARD = "gnu++20";
				CLANG_ENABLE_MODULES = YES;
				CLANG_ENABLE_OBJC_ARC = YES;
				CLANG_ENABLE_OBJC_WEAK = YES;
				CLANG_WARN_BLOCK_CAPTURE_AUTORELEASING = YES;
				CLANG_WARN_BOOL_CONVERSION = YES;
				CLANG_WARN_COMMA = YES;
				CLANG_WARN_CONSTANT_CONVERSION = YES;
				CLANG_WARN_DEPRECATED_OBJC_IMPLEMENTATIONS = YES;
				CLANG_WARN_DIRECT_OBJC_ISA_USAGE = YES_ERROR;
				CLANG_WARN_DOCUMENTATION_COMMENTS = YES;
				CLANG_WARN_EMPTY_BODY = YES;
				CLANG_WARN_ENUM_CONVERSION = YES;
				CLANG_WARN_INFINITE_RECURSION = YES;
				CLANG_WARN_INT_CONVERSION = YES;
				CLANG_WARN_NON_LITERAL_NULL_CONVERSION = YES;
				CLANG_WARN_OBJC_IMPLICIT_RETAIN_SELF = YES;
				CLANG_WARN_OBJC_LITERAL_CONVERSION = YES;
				CLANG_WARN_OBJC_ROOT_CLASS = YES_ERROR;
				CLANG_WARN_QUOTED_INCLUDE_IN_FRAMEWORK_HEADER = YES;
				CLANG_WARN_RANGE_LOOP_ANALYSIS = YES;
				CLANG_WARN_STRICT_PROTOTYPES = YES;
				CLANG_WARN_SUSPICIOUS_MOVE = YES;
				CLANG_WARN_UNGUARDED_AVAILABILITY = YES_AGGRESSIVE;
				CLANG_WARN_UNREACHABLE_CODE = YES;
				CLANG_WARN__DUPLICATE_METHOD_MATCH = YES;
				COPY_PHASE_STRIP = NO;
				DEBUG_INFORMATION_FORMAT = dwarf;
				ENABLE_STRICT_OBJC_MSGSEND = YES;
				ENABLE_TESTABILITY = YES;
				ENABLE_USER_SCRIPT_SANDBOXING = YES;
				GCC_C_LANGUAGE_STANDARD = gnu17;
				GCC_DYNAMIC_NO_PIC = NO;
				GCC_NO_COMMON_BLOCKS = YES;
				GCC_OPTIMIZATION_LEVEL = 0;
				GCC_PREPROCESSOR_DEFINITIONS = (
					"DEBUG=1",
					"$(inherited)",
				);
				GCC_WARN_64_TO_32_BIT_CONVERSION = YES;
				GCC_WARN_ABOUT_RETURN_TYPE = YES_ERROR;
				GCC_WARN_UNDECLARED_SELECTOR = YES;
				GCC_WARN_UNINITIALIZED_AUTOS = YES_AGGRESSIVE;
				GCC_WARN_UNUSED_FUNCTION = YES;
				GCC_WARN_UNUSED_VARIABLE = YES;
				IPHONEOS_DEPLOYMENT_TARGET = 16.0;
				LOCALIZATION_PREFERS_STRING_CATALOGS = YES;
				MTL_ENABLE_DEBUG_INFO = INCLUDE_SOURCE;
				MTL_FAST_MATH = YES;
				ONLY_ACTIVE_ARCH = YES;
				SDKROOT = iphoneos;
				SWIFT_ACTIVE_COMPILATION_CONDITIONS = "DEBUG $(inherited)";
				SWIFT_OPTIMIZATION_LEVEL = "-Onone";
			};
			name = Debug;
		};
		AEE01D572AA30ABB0030DB07 /* Release */ = {
			isa = XCBuildConfiguration;
			buildSettings = {
				ALWAYS_SEARCH_USER_PATHS = NO;
				ASSETCATALOG_COMPILER_GENERATE_SWIFT_ASSET_SYMBOL_EXTENSIONS = YES;
				CLANG_ANALYZER_NONNULL = YES;
				CLANG_ANALYZER_NUMBER_OBJECT_CONVERSION = YES_AGGRESSIVE;
				CLANG_CXX_LANGUAGE_STANDARD = "gnu++20";
				CLANG_ENABLE_MODULES = YES;
				CLANG_ENABLE_OBJC_ARC = YES;
				CLANG_ENABLE_OBJC_WEAK = YES;
				CLANG_WARN_BLOCK_CAPTURE_AUTORELEASING = YES;
				CLANG_WARN_BOOL_CONVERSION = YES;
				CLANG_WARN_COMMA = YES;
				CLANG_WARN_CONSTANT_CONVERSION = YES;
				CLANG_WARN_DEPRECATED_OBJC_IMPLEMENTATIONS = YES;
				CLANG_WARN_DIRECT_OBJC_ISA_USAGE = YES_ERROR;
				CLANG_WARN_DOCUMENTATION_COMMENTS = YES;
				CLANG_WARN_EMPTY_BODY = YES;
				CLANG_WARN_ENUM_CONVERSION = YES;
				CLANG_WARN_INFINITE_RECURSION = YES;
				CLANG_WARN_INT_CONVERSION = YES;
				CLANG_WARN_NON_LITERAL_NULL_CONVERSION = YES;
				CLANG_WARN_OBJC_IMPLICIT_RETAIN_SELF = YES;
				CLANG_WARN_OBJC_LITERAL_CONVERSION = YES;
				CLANG_WARN_OBJC_ROOT_CLASS = YES_ERROR;
				CLANG_WARN_QUOTED_INCLUDE_IN_FRAMEWORK_HEADER = YES;
				CLANG_WARN_RANGE_LOOP_ANALYSIS = YES;
				CLANG_WARN_STRICT_PROTOTYPES = YES;
				CLANG_WARN_SUSPICIOUS_MOVE = YES;
				CLANG_WARN_UNGUARDED_AVAILABILITY = YES_AGGRESSIVE;
				CLANG_WARN_UNREACHABLE_CODE = YES;
				CLANG_WARN__DUPLICATE_METHOD_MATCH = YES;
				COPY_PHASE_STRIP = NO;
				DEBUG_INFORMATION_FORMAT = "dwarf-with-dsym";
				ENABLE_NS_ASSERTIONS = NO;
				ENABLE_STRICT_OBJC_MSGSEND = YES;
				ENABLE_USER_SCRIPT_SANDBOXING = YES;
				GCC_C_LANGUAGE_STANDARD = gnu17;
				GCC_NO_COMMON_BLOCKS = YES;
				GCC_WARN_64_TO_32_BIT_CONVERSION = YES;
				GCC_WARN_ABOUT_RETURN_TYPE = YES_ERROR;
				GCC_WARN_UNDECLARED_SELECTOR = YES;
				GCC_WARN_UNINITIALIZED_AUTOS = YES_AGGRESSIVE;
				GCC_WARN_UNUSED_FUNCTION = YES;
				GCC_WARN_UNUSED_VARIABLE = YES;
				IPHONEOS_DEPLOYMENT_TARGET = 16.0;
				LOCALIZATION_PREFERS_STRING_CATALOGS = YES;
				MTL_ENABLE_DEBUG_INFO = NO;
				MTL_FAST_MATH = YES;
				SDKROOT = iphoneos;
				SWIFT_COMPILATION_MODE = wholemodule;
				VALIDATE_PRODUCT = YES;
			};
			name = Release;
		};
		AEE01D592AA30ABB0030DB07 /* Debug */ = {
			isa = XCBuildConfiguration;
			buildSettings = {
				ASSETCATALOG_COMPILER_APPICON_NAME = AppIcon;
				ASSETCATALOG_COMPILER_GLOBAL_ACCENT_COLOR_NAME = AccentColor;
				CODE_SIGN_STYLE = Automatic;
				CURRENT_PROJECT_VERSION = 1;
				DEVELOPMENT_ASSET_PATHS = "\"Africa/Preview Content\"";
				DEVELOPMENT_TEAM = 723HTEFHBA;
				ENABLE_PREVIEWS = YES;
				GENERATE_INFOPLIST_FILE = YES;
				INFOPLIST_FILE = Africa/Info.plist;
				INFOPLIST_KEY_UIApplicationSceneManifest_Generation = YES;
				INFOPLIST_KEY_UIApplicationSupportsIndirectInputEvents = YES;
				INFOPLIST_KEY_UISupportedInterfaceOrientations_iPad = "UIInterfaceOrientationPortrait UIInterfaceOrientationPortraitUpsideDown UIInterfaceOrientationLandscapeLeft UIInterfaceOrientationLandscapeRight";
				INFOPLIST_KEY_UISupportedInterfaceOrientations_iPhone = "UIInterfaceOrientationPortrait UIInterfaceOrientationLandscapeLeft UIInterfaceOrientationLandscapeRight";
				INFOPLIST_KEY_UIUserInterfaceStyle = Dark;
				IPHONEOS_DEPLOYMENT_TARGET = 16.0;
				LD_RUNPATH_SEARCH_PATHS = (
					"$(inherited)",
					"@executable_path/Frameworks",
				);
				MARKETING_VERSION = 1.0;
				PRODUCT_BUNDLE_IDENTIFIER = ru.fibeapp.Africa;
				PRODUCT_NAME = "$(TARGET_NAME)";
				SWIFT_EMIT_LOC_STRINGS = YES;
				SWIFT_VERSION = 5.0;
				TARGETED_DEVICE_FAMILY = "1,2";
			};
			name = Debug;
		};
		AEE01D5A2AA30ABB0030DB07 /* Release */ = {
			isa = XCBuildConfiguration;
			buildSettings = {
				ASSETCATALOG_COMPILER_APPICON_NAME = AppIcon;
				ASSETCATALOG_COMPILER_GLOBAL_ACCENT_COLOR_NAME = AccentColor;
				CODE_SIGN_STYLE = Automatic;
				CURRENT_PROJECT_VERSION = 1;
				DEVELOPMENT_ASSET_PATHS = "\"Africa/Preview Content\"";
				DEVELOPMENT_TEAM = 723HTEFHBA;
				ENABLE_PREVIEWS = YES;
				GENERATE_INFOPLIST_FILE = YES;
				INFOPLIST_FILE = Africa/Info.plist;
				INFOPLIST_KEY_UIApplicationSceneManifest_Generation = YES;
				INFOPLIST_KEY_UIApplicationSupportsIndirectInputEvents = YES;
				INFOPLIST_KEY_UISupportedInterfaceOrientations_iPad = "UIInterfaceOrientationPortrait UIInterfaceOrientationPortraitUpsideDown UIInterfaceOrientationLandscapeLeft UIInterfaceOrientationLandscapeRight";
				INFOPLIST_KEY_UISupportedInterfaceOrientations_iPhone = "UIInterfaceOrientationPortrait UIInterfaceOrientationLandscapeLeft UIInterfaceOrientationLandscapeRight";
				INFOPLIST_KEY_UIUserInterfaceStyle = Dark;
				IPHONEOS_DEPLOYMENT_TARGET = 16.0;
				LD_RUNPATH_SEARCH_PATHS = (
					"$(inherited)",
					"@executable_path/Frameworks",
				);
				MARKETING_VERSION = 1.0;
				PRODUCT_BUNDLE_IDENTIFIER = ru.fibeapp.Africa;
				PRODUCT_NAME = "$(TARGET_NAME)";
				SWIFT_EMIT_LOC_STRINGS = YES;
				SWIFT_VERSION = 5.0;
				TARGETED_DEVICE_FAMILY = "1,2";
			};
			name = Release;
		};
/* End XCBuildConfiguration section */

/* Begin XCConfigurationList section */
		AEE01D452AA30AB90030DB07 /* Build configuration list for PBXProject "Africa" */ = {
			isa = XCConfigurationList;
			buildConfigurations = (
				AEE01D562AA30ABB0030DB07 /* Debug */,
				AEE01D572AA30ABB0030DB07 /* Release */,
			);
			defaultConfigurationIsVisible = 0;
			defaultConfigurationName = Release;
		};
		AEE01D582AA30ABB0030DB07 /* Build configuration list for PBXNativeTarget "Africa" */ = {
			isa = XCConfigurationList;
			buildConfigurations = (
				AEE01D592AA30ABB0030DB07 /* Debug */,
				AEE01D5A2AA30ABB0030DB07 /* Release */,
			);
			defaultConfigurationIsVisible = 0;
			defaultConfigurationName = Release;
		};
/* End XCConfigurationList section */
	};
	rootObject = AEE01D422AA30AB90030DB07 /* Project object */;
}
